Microsoft Visual Studio Solution File, Format Version 12.00
# Visual Studio Version 17
VisualStudioVersion = 17.5.2.0
MinimumVisualStudioVersion = 10.0.40219.1
Project("{FAE04EC0-301F-11D3-BF4B-00C04F79EFBC}") = "apiRESTCesoTADS", "apiRESTCesoTADS.csproj", "{161154AA-38CC-F415-D857-5CBD8B215759}"
EndProject
Global
	GlobalSection(SolutionConfigurationPlatforms) = preSolution
		Debug|Any CPU = Debug|Any CPU
		Release|Any CPU = Release|Any CPU
	EndGlobalSection
	GlobalSection(ProjectConfigurationPlatforms) = postSolution
		{161154AA-38CC-F415-D857-5CBD8B215759}.Debug|Any CPU.ActiveCfg = Debug|Any CPU
		{161154AA-38CC-F415-D857-5CBD8B215759}.Debug|Any CPU.Build.0 = Debug|Any CPU
		{161154AA-38CC-F415-D857-5CBD8B215759}.Release|Any CPU.ActiveCfg = Release|Any CPU
		{161154AA-38CC-F415-D857-5CBD8B215759}.Release|Any CPU.Build.0 = Release|Any CPU
	EndGlobalSection
	GlobalSection(SolutionProperties) = preSolution
		HideSolutionNode = FALSE
	EndGlobalSection
	GlobalSection(ExtensibilityGlobals) = postSolution
		SolutionGuid = {49BF976C-09FE-4C45-96CF-9755881A769E}
	EndGlobalSection
EndGlobal
